# This file is autogenerated, do not edit; changes may be undone by the next 'dep ensure'.


[[projects]]
  name = "github.com/Microsoft/go-winio"
  packages = ["."]
  revision = "a6d595ae73cf27a1b8fc32930668708f45ce1c85"
  version = "v0.4.9"

[[projects]]
  name = "github.com/Shopify/sarama"
  packages = ["."]
  revision = "35324cf48e33d8260e1c7c18854465a904ade249"
  version = "v1.17.0"

[[projects]]
  name = "github.com/Sirupsen/logrus"
  packages = ["."]
  revision = "3e01752db0189b9157070a0e1668a620f9a85da2"
  version = "v1.0.6"

[[projects]]
  name = "github.com/StackExchange/wmi"
  packages = ["."]
  revision = "5d049714c4a64225c3c79a7cf7d02f7fb5b96338"
  version = "1.0.0"

[[projects]]
  name = "github.com/davecgh/go-spew"
  packages = ["spew"]
  revision = "8991bc29aa16c548c550c7ff78260e27b9ab7c73"
  version = "v1.1.1"

[[projects]]
  name = "github.com/docker/distribution"
  packages = [
    "digest",
    "reference"
  ]
  revision = "48294d928ced5dd9b378f7fd7c6f5da3ff3f2c89"
  version = "v2.6.2"

[[projects]]
  name = "github.com/docker/docker"
  packages = [
    "api",
    "api/types",
    "api/types/blkiodev",
    "api/types/container",
    "api/types/events",
    "api/types/filters",
    "api/types/mount",
    "api/types/network",
    "api/types/reference",
    "api/types/registry",
    "api/types/strslice",
    "api/types/swarm",
    "api/types/time",
    "api/types/versions",
    "api/types/volume",
    "client",
    "pkg/ioutils",
    "pkg/longpath",
    "pkg/system",
    "pkg/tlsconfig"
  ]
  revision = "092cba3727bb9b4a2f0e922cd6c0f93ea270e363"
  version = "v1.13.1"

[[projects]]
  name = "github.com/docker/go-connections"
  packages = [
    "nat",
    "sockets",
    "tlsconfig"
  ]
  revision = "7395e3f8aa162843a74ed6d48e79627d9792ac55"
  version = "v0.4.0"

[[projects]]
  name = "github.com/docker/go-units"
  packages = ["."]
  revision = "47565b4f722fb6ceae66b95f853feed578a4a51c"
  version = "v0.3.3"

[[projects]]
  branch = "master"
  name = "github.com/docker/libtrust"
  packages = ["."]
  revision = "aabc10ec26b754e797f9028f4589c5b7bd90dc20"

[[projects]]
  branch = "master"
  name = "github.com/dustin/go-humanize"
  packages = ["."]
  revision = "9f541cc9db5d55bce703bd99987c9d5cb8eea45e"

[[projects]]
  name = "github.com/eapache/go-resiliency"
  packages = ["breaker"]
  revision = "ea41b0fad31007accc7f806884dcdf3da98b79ce"
  version = "v1.1.0"

[[projects]]
  branch = "master"
  name = "github.com/eapache/go-xerial-snappy"
  packages = ["."]
  revision = "776d5712da21bc4762676d614db1d8a64f4238b0"

[[projects]]
  name = "github.com/eapache/queue"
  packages = ["."]
  revision = "44cc805cf13205b55f69e14bcb69867d1ae92f98"
  version = "v1.1.0"

[[projects]]
  branch = "master"
  name = "github.com/elastic/beats"
  packages = [
    "dev-tools/mage",
    "libbeat/api",
    "libbeat/asset",
    "libbeat/autodiscover",
    "libbeat/autodiscover/builder",
    "libbeat/autodiscover/meta",
    "libbeat/autodiscover/providers/docker",
    "libbeat/autodiscover/providers/jolokia",
    "libbeat/autodiscover/providers/kubernetes",
    "libbeat/autodiscover/template",
    "libbeat/beat",
    "libbeat/cfgfile",
    "libbeat/cloudid",
    "libbeat/cmd",
    "libbeat/cmd/export",
    "libbeat/cmd/instance",
    "libbeat/cmd/test",
    "libbeat/common",
    "libbeat/common/atomic",
    "libbeat/common/bus",
    "libbeat/common/cfgtype",
    "libbeat/common/cfgwarn",
    "libbeat/common/cli",
    "libbeat/common/docker",
    "libbeat/common/dtfmt",
    "libbeat/common/file",
    "libbeat/common/fmtstr",
    "libbeat/common/jsontransform",
    "libbeat/common/kubernetes",
    "libbeat/common/match",
    "libbeat/common/safemapstr",
    "libbeat/common/schema",
    "libbeat/common/schema/mapstriface",
    "libbeat/common/seccomp",
    "libbeat/common/streambuf",
    "libbeat/common/terminal",
    "libbeat/common/transport/tlscommon",
    "libbeat/conditions",
    "libbeat/dashboards",
    "libbeat/feature",
    "libbeat/keystore",
    "libbeat/kibana",
    "libbeat/logp",
    "libbeat/logp/configure",
    "libbeat/metric/system/cpu",
    "libbeat/metric/system/host",
    "libbeat/metric/system/memory",
    "libbeat/metric/system/process",
    "libbeat/monitoring",
    "libbeat/monitoring/adapter",
    "libbeat/monitoring/report",
    "libbeat/monitoring/report/elasticsearch",
    "libbeat/monitoring/report/log",
    "libbeat/outputs",
    "libbeat/outputs/codec",
    "libbeat/outputs/codec/format",
    "libbeat/outputs/codec/json",
    "libbeat/outputs/console",
    "libbeat/outputs/elasticsearch",
    "libbeat/outputs/fileout",
    "libbeat/outputs/kafka",
    "libbeat/outputs/logstash",
    "libbeat/outputs/outil",
    "libbeat/outputs/redis",
    "libbeat/outputs/transport",
    "libbeat/paths",
    "libbeat/plugin",
    "libbeat/processors",
    "libbeat/processors/actions",
    "libbeat/processors/add_cloud_metadata",
    "libbeat/processors/add_docker_metadata",
    "libbeat/processors/add_host_metadata",
    "libbeat/processors/add_kubernetes_metadata",
    "libbeat/processors/add_locale",
    "libbeat/processors/dissect",
    "libbeat/publisher",
    "libbeat/publisher/includes",
    "libbeat/publisher/pipeline",
    "libbeat/publisher/queue",
    "libbeat/publisher/queue/memqueue",
    "libbeat/publisher/queue/spool",
    "libbeat/service",
    "libbeat/template",
    "libbeat/testing",
    "libbeat/version"
  ]
  revision = "264e7b428389e73246deaf05913f274cf6fd5e2b"

[[projects]]
  name = "github.com/elastic/go-lumber"
  packages = [
    "client/v2",
    "protocol/v2"
  ]
  revision = "616041e345fc33c97bc0eb0fa6b388aa07bca3e1"
  version = "v0.1.0"

[[projects]]
  branch = "master"
  name = "github.com/elastic/go-seccomp-bpf"
  packages = [
    ".",
    "arch"
  ]
  revision = "5bed103a93993f24c58dd267faaab582f2373e31"

[[projects]]
  name = "github.com/elastic/go-structform"
  packages = [
    ".",
    "cborl",
    "gotype",
    "internal/unsafe",
    "json",
    "ubjson",
    "visitors"
  ]
  revision = "1425975cf4eb470099fcf02cbe9389cf3a7028a3"
  version = "v0.0.5"

[[projects]]
  branch = "master"
  name = "github.com/elastic/go-sysinfo"
  packages = [
    ".",
    "internal/registry",
    "providers/darwin",
    "providers/linux",
    "providers/shared",
    "providers/windows",
    "types"
  ]
  revision = "b30cfd89b3c329a5b84f237573c8422730d2e170"

[[projects]]
  name = "github.com/elastic/go-txfile"
  packages = [
    ".",
    "internal/cleanup",
    "internal/invariant",
    "internal/iter",
    "internal/strbld",
    "internal/tracelog",
    "internal/vfs",
    "internal/vfs/osfs",
    "pq",
    "txerr"
  ]
  revision = "389b527ad365f6fc6cf5fa7e0ba5a2294ad2f3ed"
  version = "v0.0.3"

[[projects]]
  name = "github.com/elastic/go-ucfg"
  packages = [
    ".",
    "cfgutil",
    "flag",
    "internal/parse",
    "json",
    "yaml"
  ]
  revision = "581f7b1fe9d84f4c18ef0694d6e0eb944a925dae"
  version = "v0.6.1"

[[projects]]
  branch = "master"
  name = "github.com/elastic/go-windows"
  packages = ["."]
  revision = "a4ab469ab3d6f167cba8cb515c3273c6b56f9fc3"

[[projects]]
  name = "github.com/elastic/gosigar"
  packages = [
    ".",
    "cgroup",
    "sys",
    "sys/linux",
    "sys/windows"
  ]
  revision = "237dff72b4ba95da2cd985f96a9c0ede4aefc760"
  version = "v0.9.0"

[[projects]]
  name = "github.com/ericchiang/k8s"
  packages = [
    ".",
    "apis/apiextensions/v1beta1",
    "apis/apps/v1beta1",
    "apis/core/v1",
    "apis/extensions/v1beta1",
    "apis/meta/v1",
    "apis/policy/v1beta1",
    "apis/resource",
    "runtime",
    "runtime/schema",
    "util/intstr",
    "watch/versioned"
  ]
  revision = "677cf3318ef83bf681a38821f81a233a9be09641"
  version = "v1.1.0"

[[projects]]
  name = "github.com/fatih/color"
  packages = ["."]
  revision = "5b77d2a35fb0ede96d138fc9a99f5c9b6aef11b4"
  version = "v1.7.0"

[[projects]]
  name = "github.com/garyburd/redigo"
  packages = [
    "internal",
    "redis"
  ]
  revision = "a69d19351219b6dd56f274f96d85a7014a2ec34e"
  version = "v1.6.0"

[[projects]]
  name = "github.com/ghodss/yaml"
  packages = ["."]
  revision = "0ca9ea5df5451ffdf184b4428c902747c2c11cd7"
  version = "v1.0.0"

[[projects]]
  name = "github.com/go-ole/go-ole"
  packages = [
    ".",
    "oleutil"
  ]
  revision = "a41e3c4b706f6ae8dfbff342b06e40fa4d2d0506"
  version = "v1.2.1"

[[projects]]
  name = "github.com/golang/protobuf"
  packages = ["proto"]
  revision = "b4deda0973fb4c70b50d226b1af49f3da59f5265"
  version = "v1.1.0"

[[projects]]
  branch = "master"
  name = "github.com/golang/snappy"
  packages = ["."]
  revision = "2e65f85255dbc3072edf28d6b5b8efc472979f5a"

[[projects]]
  name = "github.com/gorilla/websocket"
  packages = ["."]
  revision = "ea4d1f681babbce9545c9c5f3d5194a789c89f5b"
  version = "v1.2.0"

[[projects]]
  name = "github.com/inconshreveable/mousetrap"
  packages = ["."]
  revision = "76626ae9c91c4f2a10f34cad8ce83ea42c93bb75"
  version = "v1.0"

[[projects]]
  branch = "master"
  name = "github.com/joeshaw/multierror"
  packages = ["."]
  revision = "69b34d4ec901851247ae7e77d33909caf9df99ed"

[[projects]]
  branch = "master"
  name = "github.com/jstemmer/go-junit-report"
  packages = [
    "formatter",
    "parser"
  ]
  revision = "385fac0ced9acaae6dc5b39144194008ded00697"

[[projects]]
  branch = "master"
  name = "github.com/juju/loggo"
  packages = ["."]
  revision = "584905176618da46b895b176c721b02c476b6993"

[[projects]]
  branch = "master"
  name = "github.com/juju/webbrowser"
  packages = ["."]
  revision = "54b8c57083b4afb7dc75da7f13e2967b2606a507"

[[projects]]
  name = "github.com/julienschmidt/httprouter"
  packages = ["."]
  revision = "8c199fb6259ffc1af525cc3ad52ee60ba8359669"
  version = "v1.1"

[[projects]]
  name = "github.com/klauspost/compress"
  packages = [
    "flate",
    "zlib"
  ]
  revision = "b939724e787a27c0005cabe3f78e7ed7987ac74f"
  version = "v1.4.0"

[[projects]]
  name = "github.com/klauspost/cpuid"
  packages = ["."]
  revision = "ae7887de9fa5d2db4eaa8174a7eff2c1ac00f2da"
  version = "v1.1"

[[projects]]
  branch = "master"
  name = "github.com/lxc/lxd"
  packages = [
    "client",
    "shared",
    "shared/api",
    "shared/cancel",
    "shared/ioprogress",
    "shared/logger",
    "shared/osarch",
    "shared/simplestreams"
  ]
  revision = "f35f42cf0cd99b4d68640c3730249d6ee75e5d24"

[[projects]]
  name = "github.com/magefile/mage"
  packages = [
    "mg",
    "sh",
    "target",
    "types"
  ]
  revision = "771ebed3d686dce3d36cab4fc9ee55c295ed8905"
  version = "2.1"

[[projects]]
  name = "github.com/mattn/go-colorable"
  packages = ["."]
  revision = "167de6bfdfba052fa6b2d3664c8f5272e23c9072"
  version = "v0.0.9"

[[projects]]
  name = "github.com/mattn/go-isatty"
  packages = ["."]
  revision = "0360b2af4f38e8d38c7fce2a9f4e702702d73a39"
  version = "v0.0.3"

[[projects]]
  branch = "master"
  name = "github.com/mitchellh/hashstructure"
  packages = ["."]
  revision = "2bca23e0e452137f789efbc8610126fd8b94f73b"

[[projects]]
  name = "github.com/pierrec/lz4"
  packages = [
    ".",
    "internal/xxh32"
  ]
  revision = "1958fd8fff7f115e79725b1288e0b878b3e06b00"
  version = "v2.0.3"

[[projects]]
  name = "github.com/pkg/errors"
  packages = ["."]
  revision = "645ef00459ed84a119197bfb8d8205042c6df63d"
  version = "v0.8.0"

[[projects]]
  branch = "master"
  name = "github.com/prometheus/procfs"
  packages = [
    ".",
    "internal/util",
    "nfs",
    "xfs"
  ]
  revision = "05ee40e3a273f7245e8777337fc7b46e533a9a92"

[[projects]]
  branch = "master"
  name = "github.com/rcrowley/go-metrics"
  packages = ["."]
  revision = "e2704e165165ec55d062f5919b4b29494e9fa790"

[[projects]]
  branch = "master"
  name = "github.com/rogpeppe/fastuuid"
  packages = ["."]
  revision = "6724a57986aff9bff1a1770e9347036def7c89f6"

[[projects]]
  name = "github.com/satori/go.uuid"
  packages = ["."]
  revision = "f58768cc1a7a7e77a3bd49e98cdd21419399b6a3"
  version = "v1.2.0"

[[projects]]
  name = "github.com/spf13/cobra"
  packages = ["."]
  revision = "ef82de70bb3f60c65fb8eebacbb2d122ef517385"
  version = "v0.0.3"

[[projects]]
  name = "github.com/spf13/pflag"
  packages = ["."]
  revision = "9a97c102cda95a86cec2345a6f09f55a939babf5"
  version = "v1.0.2"

[[projects]]
  name = "github.com/theckman/go-flock"
  packages = ["."]
  revision = "dd99ba217509348e899885ee977b6e2acb18179c"
  version = "v0.5.0"

[[projects]]
  branch = "master"
  name = "github.com/urso/go-bin"
  packages = ["."]
  revision = "781c575c9f0eb3cb9dca94521bd7ad7d5aec7fd4"

[[projects]]
  name = "go.uber.org/atomic"
  packages = ["."]
  revision = "1ea20fb1cbb1cc08cbd0d913a96dead89aa18289"
  version = "v1.3.2"

[[projects]]
  name = "go.uber.org/multierr"
  packages = ["."]
  revision = "3c4937480c32f4c13a875a1829af76c98ca3d40a"
  version = "v1.1.0"

[[projects]]
  name = "go.uber.org/zap"
  packages = [
    ".",
    "buffer",
    "internal/bufferpool",
    "internal/color",
    "internal/exit",
    "zapcore",
    "zaptest/observer"
  ]
  revision = "ff33455a0e382e8a81d14dd7c922020b6b5e7982"
  version = "v1.9.1"

[[projects]]
  branch = "master"
  name = "golang.org/x/crypto"
  packages = [
    "curve25519",
    "internal/subtle",
    "nacl/box",
    "nacl/secretbox",
    "pbkdf2",
    "poly1305",
    "salsa20/salsa",
    "ssh/terminal"
  ]
  revision = "aabede6cba87e37f413b3e60ebfc214f8eeca1b0"

[[projects]]
  branch = "master"
  name = "golang.org/x/net"
  packages = [
    "bpf",
    "context",
    "context/ctxhttp",
    "html",
    "html/atom",
    "http/httpguts",
    "http2",
    "http2/hpack",
    "idna",
    "internal/socks",
    "proxy",
    "publicsuffix"
  ]
  revision = "aaf60122140d3fcf75376d319f0554393160eb50"

[[projects]]
  branch = "master"
  name = "golang.org/x/sys"
  packages = [
    "unix",
    "windows",
    "windows/registry",
    "windows/svc",
    "windows/svc/debug",
    "windows/svc/eventlog"
  ]
  revision = "1c9583448a9c3aa0f9a6a5241bf73c0bd8aafded"

[[projects]]
  name = "golang.org/x/text"
  packages = [
    "collate",
    "collate/build",
    "internal/colltab",
    "internal/gen",
    "internal/tag",
    "internal/triegen",
    "internal/ucd",
    "language",
    "secure/bidirule",
    "transform",
    "unicode/bidi",
    "unicode/cldr",
    "unicode/norm",
    "unicode/rangetable"
  ]
  revision = "f21a4dfb5e38f5895301dc265a8def02365cc3d0"
  version = "v0.3.0"

[[projects]]
  branch = "master"
  name = "golang.org/x/tools"
  packages = ["go/vcs"]
  revision = "1dfe8478fdec02e49c998048ab9f761d64949349"

[[projects]]
  branch = "v1"
  name = "gopkg.in/errgo.v1"
  packages = ["."]
  revision = "c17903c6b19d5dedb9cfba9fa314c7fae63e554f"

[[projects]]
  name = "gopkg.in/httprequest.v1"
  packages = ["."]
  revision = "a1015531595ff2ed1a0c126b55da352e6923eaac"
  version = "v1.1.2"

[[projects]]
  name = "gopkg.in/macaroon-bakery.v2"
  packages = [
    "bakery",
    "bakery/checkers",
    "bakery/internal/macaroonpb",
    "httpbakery",
    "internal/httputil"
  ]
  revision = "94012773d2874a067572bd16d7d11ae02968b47b"
  version = "v2.0.1"

[[projects]]
  name = "gopkg.in/macaroon.v2"
  packages = ["."]
  revision = "bed2a428da6e56d950bed5b41fcbae3141e5b0d0"
  version = "v2.0.0"

[[projects]]
  name = "gopkg.in/yaml.v2"
  packages = ["."]
  revision = "5420a8b6744d3b0345ab293f6fcba19c978f1183"
  version = "v2.2.1"

[[projects]]
  branch = "master"
  name = "howett.net/plist"
  packages = ["."]
  revision = "500bd5b9081b5957ac10389f86e069869f00c348"

[solve-meta]
  analyzer-name = "dep"
  analyzer-version = 1
  inputs-digest = "de48a3eb4f94599d0bf3d4f521db29a21ef27521c9e797953645452934969c64"
  solver-name = "gps-cdcl"
  solver-version = 1
